github.com/alexbrainman/printer v0.0.0-20200912035444-f40f26f0bdeb h1:OzF7h5OJLiB2QvpxfFdUFdSedYYsEKAXnE8BwsWQPmY=
github.com/alexbrainman/printer v0.0.0-20200912035444-f40f26f0bdeb/go.mod h1:aeB9oSJ1VNJXxBkCz6Krw3aW8lPx6rkWnW/hXcoujR4=
golang.org/x/sys v0.0.0-20200909081042-eff7692f9009 h1:W0lCpv29Hv0UaM1LXb9QlBHLNP8UFfcKjblhVCWftOM=
golang.org/x/sys v0.0.0-20200909081042-eff7692f9009/go.mod h1:h1NjWce9XRLGQEsW7wpKNCjG9DtNlClVuFLEZdDNbEs=
